[[package]]
category = "main"
description = "asyncio wrapper for grpc.io"
name = "aiogrpc"
optional = false
python-versions = ">=3.6"
version = "1.7"

[package.dependencies]
grpcio = ">=1.12.0"

[[package]]
category = "main"
description = "ASGI specs, helper code, and adapters"
name = "asgiref"
optional = false
python-versions = ">=3.5"
version = "3.2.7"

[package.extras]
tests = ["pytest (>=4.3.0,<4.4.0)", "pytest-asyncio (>=0.10.0,<0.11.0)"]

[[package]]
category = "main"
description = "A high-level Python Web framework that encourages rapid development and clean, pragmatic design."
name = "django"
optional = false
python-versions = ">=3.6"
version = "3.0.5"

[package.dependencies]
asgiref = ">=3.2,<4.0"
pytz = "*"
sqlparse = ">=0.2.2"

[package.extras]
argon2 = ["argon2-cffi (>=16.1.0)"]
bcrypt = ["bcrypt"]

[[package]]
category = "main"
description = "Web APIs for Django, made easy."
name = "djangorestframework"
optional = false
python-versions = ">=3.5"
version = "3.11.0"

[package.dependencies]
django = ">=1.11"

[[package]]
category = "main"
description = "Pythonic argument parser, that will make you smile"
name = "docopt"
optional = false
python-versions = "*"
version = "0.6.2"

[[package]]
category = "main"
description = "Common protobufs used in Google APIs"
name = "googleapis-common-protos"
optional = false
python-versions = "*"
version = "1.51.0"

[package.dependencies]
protobuf = ">=3.6.0"

[package.extras]
grpc = ["grpcio (>=1.0.0)"]

[[package]]
category = "main"
description = "HTTP/2-based RPC framework"
name = "grpcio"
optional = false
python-versions = "*"
version = "1.28.1"

[package.dependencies]
six = ">=1.5.2"

[[package]]
category = "main"
description = "Protobuf code generator for gRPC"
name = "grpcio-tools"
optional = false
python-versions = "*"
version = "1.28.1"

[package.dependencies]
grpcio = ">=1.28.1"
protobuf = ">=3.5.0.post1"

[[package]]
category = "main"
description = "An autocompletion tool for Python that can be used for text editors."
name = "jedi"
optional = false
python-versions = ">=2.7, !=3.0.*, !=3.1.*, !=3.2.*, !=3.3.*, !=3.4.*"
version = "0.17.0"

[package.dependencies]
parso = ">=0.7.0"

[package.extras]
qa = ["flake8 (3.7.9)"]
testing = ["colorama", "docopt", "pytest (>=3.9.0,<5.0.0)"]

[[package]]
category = "main"
description = "An rpc client for LND (lightning network deamon)"
name = "lndgrpc"
optional = false
python-versions = ">=2.7, !=3.0.*, !=3.1.*, !=3.2.*, !=3.3.*, <4"
version = "0.2.0"

[package.dependencies]
aiogrpc = "*"
googleapis-common-protos = "*"
grpcio = "*"
grpcio-tools = "*"

[[package]]
category = "main"
description = "A Python Parser"
name = "parso"
optional = false
python-versions = ">=2.7, !=3.0.*, !=3.1.*, !=3.2.*, !=3.3.*"
version = "0.7.0"

[package.extras]
testing = ["docopt", "pytest (>=3.0.7)"]

[[package]]
category = "main"
description = "Library for building powerful interactive command lines in Python"
name = "prompt-toolkit"
optional = false
python-versions = "*"
version = "1.0.18"

[package.dependencies]
six = ">=1.9.0"
wcwidth = "*"

[[package]]
category = "main"
description = "Protocol Buffers"
name = "protobuf"
optional = false
python-versions = "*"
version = "3.11.3"

[package.dependencies]
setuptools = "*"
six = ">=1.9"

[[package]]
category = "main"
description = "Python debugger (pdb) build on top of prompt_toolkit"
name = "ptpdb"
optional = false
python-versions = "*"
version = "0.17"

[package.dependencies]
prompt-toolkit = ">=1.0.0,<2.0.0"
ptpython = "0.33"

[[package]]
category = "main"
description = "Python REPL build on top of prompt_toolkit"
name = "ptpython"
optional = false
python-versions = "*"
version = "0.33"

[package.dependencies]
docopt = "*"
jedi = ">=0.9.0"
prompt-toolkit = ">=1.0.0,<2.0.0"
pygments = "*"

[[package]]
category = "main"
description = "Pygments is a syntax highlighting package written in Python."
name = "pygments"
optional = false
python-versions = ">=3.5"
version = "2.6.1"

[[package]]
category = "main"
description = "The Swiss Army Knife of the Bitcoin protocol."
name = "python-bitcoinlib"
optional = false
python-versions = "*"
version = "0.11.0"

[[package]]
category = "main"
description = "World timezone definitions, modern and historical"
name = "pytz"
optional = false
python-versions = "*"
version = "2019.3"

[[package]]
category = "main"
description = "Python 2 and 3 compatibility utilities"
name = "six"
optional = false
python-versions = ">=2.7, !=3.0.*, !=3.1.*, !=3.2.*"
version = "1.14.0"

[[package]]
category = "main"
description = "Non-validating SQL parser"
name = "sqlparse"
optional = false
python-versions = ">=2.7, !=3.0.*, !=3.1.*, !=3.2.*, !=3.3.*"
version = "0.3.1"

[[package]]
category = "main"
description = "Measures number of Terminal column cells of wide-character codes"
name = "wcwidth"
optional = false
python-versions = "*"
version = "0.1.9"

[metadata]
content-hash = "5824adef90f12d59673f06be96579922813d51b85d7f2fddef67cab26d4f8b8b"
python-versions = "3.8"

[metadata.files]
aiogrpc = [
    {file = "aiogrpc-1.7-py3-none-any.whl", hash = "sha256:0c56241d176c45a64e238f6ae0106a81277dbcd7e808ee340f2774b44c8b7ae5"},
    {file = "aiogrpc-1.7.tar.gz", hash = "sha256:10fb27d2d70f2594d3d82d42fc29ffd7cd4cb696729f5d1c5b611bae953f0f26"},
]
asgiref = [
    {file = "asgiref-3.2.7-py2.py3-none-any.whl", hash = "sha256:9ca8b952a0a9afa61d30aa6d3d9b570bb3fd6bafcf7ec9e6bed43b936133db1c"},
    {file = "asgiref-3.2.7.tar.gz", hash = "sha256:8036f90603c54e93521e5777b2b9a39ba1bad05773fcf2d208f0299d1df58ce5"},
]
django = [
    {file = "Django-3.0.5-py3-none-any.whl", hash = "sha256:642d8eceab321ca743ae71e0f985ff8fdca59f07aab3a9fb362c617d23e33a76"},
    {file = "Django-3.0.5.tar.gz", hash = "sha256:d4666c2edefa38c5ede0ec1655424c56dc47ceb04b6d8d62a7eac09db89545c1"},
]
djangorestframework = [
    {file = "djangorestframework-3.11.0-py3-none-any.whl", hash = "sha256:05809fc66e1c997fd9a32ea5730d9f4ba28b109b9da71fccfa5ff241201fd0a4"},
    {file = "djangorestframework-3.11.0.tar.gz", hash = "sha256:e782087823c47a26826ee5b6fa0c542968219263fb3976ec3c31edab23a4001f"},
]
docopt = [
    {file = "docopt-0.6.2.tar.gz", hash = "sha256:49b3a825280bd66b3aa83585ef59c4a8c82f2c8a522dbe754a8bc8d08c85c491"},
]
googleapis-common-protos = [
    {file = "googleapis-common-protos-1.51.0.tar.gz", hash = "sha256:013c91704279119150e44ef770086fdbba158c1f978a6402167d47d5409e226e"},
]
grpcio = [
    {file = "grpcio-1.28.1-cp27-cp27m-macosx_10_9_x86_64.whl", hash = "sha256:085bbf7fd0070b8d65e84aa32979f17cfe624d27b5ce23955ef770c19d2d9623"},
    {file = "grpcio-1.28.1-cp27-cp27m-manylinux2010_i686.whl", hash = "sha256:f80d10bdf1a306f7063046321fd4efc7732a606acdd4e6259b8a37349079b704"},
    {file = "grpcio-1.28.1-cp27-cp27m-manylinux2010_x86_64.whl", hash = "sha256:e9439d7b801c86df13c6cbb4c5a7e181c058f3c119d5e119a94a5f3090a8f060"},
    {file = "grpcio-1.28.1-cp27-cp27m-win32.whl", hash = "sha256:271abbe28eb99fa5c70b3f272c0c66b67dab7bb11e1d29d8e616b4e0e099d29a"},
    {file = "grpcio-1.28.1-cp27-cp27m-win_amd64.whl", hash = "sha256:df749ee982ec35ab76d37a1e637b10a92b4573e2b4e1f86a5fa8a1273c40a850"},
    {file = "grpcio-1.28.1-cp27-cp27mu-linux_armv7l.whl", hash = "sha256:0ef6b380a588c2c6b29c6cfa0ba7f5d367beb33d5504bcc68658fa241ad498d2"},
    {file = "grpcio-1.28.1-cp27-cp27mu-manylinux2010_i686.whl", hash = "sha256:c6565cc92853af13237b2233f331efdad07339d27fe1f5f74256bfde7dc2f587"},
    {file = "grpcio-1.28.1-cp27-cp27mu-manylinux2010_x86_64.whl", hash = "sha256:97b5612fc5d4bbf0490a2d80bed5eab5b59112ef1640440c1a9ac824bafa6968"},
    {file = "grpcio-1.28.1-cp35-cp35m-linux_armv7l.whl", hash = "sha256:4bef0756b9e0df78e8d67a5b1e0e89b7daf41525d575f74e1f14a993c55b680d"},
    {file = "grpcio-1.28.1-cp35-cp35m-macosx_10_7_intel.whl", hash = "sha256:0c130204ff5de0b9f041bf3126db0d29369d69883592e4b0d3c19868ba0ced7e"},
    {file = "grpcio-1.28.1-cp35-cp35m-manylinux2010_i686.whl", hash = "sha256:70ff2df0c1795c5cf585a72d95bb458838b40bad5653c314b9067ba819e918f9"},
    {file = "grpcio-1.28.1-cp35-cp35m-manylinux2010_x86_64.whl", hash = "sha256:a35f8f4a0334ed8b05db90383aecef8e49923ab430689a4360a74052f3a89cf4"},
    {file = "grpcio-1.28.1-cp35-cp35m-win32.whl", hash = "sha256:f83b0c91796eb42865451a20e82246011078ba067ea0744f7301e12a94ae2e1b"},
    {file = "grpcio-1.28.1-cp35-cp35m-win_amd64.whl", hash = "sha256:c2e53eb253840f05278a8410628419ba7060815f86d48c9d83b6047de21c9956"},
    {file = "grpcio-1.28.1-cp36-cp36m-linux_armv7l.whl", hash = "sha256:16f5523dacae5aaeda4cf900da7e980747f663298c38c18eb4e5317704aa007a"},
    {file = "grpcio-1.28.1-cp36-cp36m-macosx_10_9_x86_64.whl", hash = "sha256:3c7864d5ae63b787001b01b376f6315aef1a015aa9c809535235ed0ead907919"},
    {file = "grpcio-1.28.1-cp36-cp36m-manylinux2010_i686.whl", hash = "sha256:c3645887db3309fc87c3db740b977d403fb265ebab292f1f6a926c4661231fd5"},
    {file = "grpcio-1.28.1-cp36-cp36m-manylinux2010_x86_64.whl", hash = "sha256:16e1edb367763ea08d0994d4635ec05f4f8db9db59c39304b061097e3b93df43"},
    {file = "grpcio-1.28.1-cp36-cp36m-win32.whl", hash = "sha256:5c2e81b6ab9768c43f2ca1c9a4c925823aad79ae95efb351007df4b92ebce592"},
    {file = "grpcio-1.28.1-cp36-cp36m-win_amd64.whl", hash = "sha256:245564713cb4ac7bccb0f11be63781beb62299a44d8ab69031c859dbd9461728"},
    {file = "grpcio-1.28.1-cp37-cp37m-macosx_10_9_x86_64.whl", hash = "sha256:f493ac4754717f25ace3614a51dd408a32b8bff3c9c0c85e9356e7e0a120a8c8"},
    {file = "grpcio-1.28.1-cp37-cp37m-manylinux2010_i686.whl", hash = "sha256:3366bd6412c1e73acb1ee27d7f0c7d7dbee118ad8d98c957c8173691b2effeec"},
    {file = "grpcio-1.28.1-cp37-cp37m-manylinux2010_x86_64.whl", hash = "sha256:4fe081862e58b8fbef0e479aefc9a64f8f17f53074df1085d8c1fe825a6e5df4"},
    {file = "grpcio-1.28.1-cp37-cp37m-win32.whl", hash = "sha256:3893b39a0a17d857dc3a42fdb02a26aa53a59bfce49987187bcc0261647f1f55"},
    {file = "grpcio-1.28.1-cp37-cp37m-win_amd64.whl", hash = "sha256:2e1b01cba26988c811c7fb91a0bca19c9afb776cc3d228993f08d324bdd0510a"},
    {file = "grpcio-1.28.1-cp38-cp38-macosx_10_9_x86_64.whl", hash = "sha256:181b5078cf568f37915b8a118afcef5fc9f3128c59c38998ed93e7dd793e3928"},
    {file = "grpcio-1.28.1-cp38-cp38-manylinux2010_i686.whl", hash = "sha256:aafe85a8210dfa1da3c46831b7f00c3735240b7b028eeba339eaea6ffdb593fb"},
    {file = "grpcio-1.28.1-cp38-cp38-manylinux2010_x86_64.whl", hash = "sha256:42c6716adf3ec1f608b2b56e885f26dd86e80d2fc1617f51fc92d1b0b649e28e"},
    {file = "grpcio-1.28.1-cp38-cp38-win32.whl", hash = "sha256:505a8d1b4ac571a51f10c4c995d5d4714f03c886604dc3c097ef5fd57bcfcf0b"},
    {file = "grpcio-1.28.1-cp38-cp38-win_amd64.whl", hash = "sha256:0ae207a47ec0ad66eb1f53a27d566674d13a236c62ced409891335318ea9b8c5"},
    {file = "grpcio-1.28.1.tar.gz", hash = "sha256:cbc322c5d5615e67c2a15be631f64e6c2bab8c12505bc7c150948abdaa0bdbac"},
]
grpcio-tools = [
    {file = "grpcio-tools-1.28.1.tar.gz", hash = "sha256:adf089aaf6e21358b12e39d9fa7c28611340d8399a918c0b72ff122ce9b7e0af"},
    {file = "grpcio_tools-1.28.1-cp27-cp27m-macosx_10_9_x86_64.whl", hash = "sha256:9210b3575fee355a4056cff8ff7212b823371e9fa9ad1467e3c0c5cb006d0d7d"},
    {file = "grpcio_tools-1.28.1-cp27-cp27m-manylinux2010_i686.whl", hash = "sha256:b5ee6f089bb040d175e658911760584c7a6cb70fbdcc78bdbe6349475933483b"},
    {file = "grpcio_tools-1.28.1-cp27-cp27m-manylinux2010_x86_64.whl", hash = "sha256:e05f7bfb63b844b7f9d8b50019b02168fd8982278dc0443986f3504b3cb87d2a"},
    {file = "grpcio_tools-1.28.1-cp27-cp27m-win32.whl", hash = "sha256:b22172e3ad5e849815f3e35a002fb67c52e83cd3e4299cf45760de4674c7cd04"},
    {file = "grpcio_tools-1.28.1-cp27-cp27m-win_amd64.whl", hash = "sha256:491dcd98d988c0a4ed9bbb1ec6310588fc0e16b334b64119b973363a1cf96cc1"},
    {file = "grpcio_tools-1.28.1-cp27-cp27mu-linux_armv7l.whl", hash = "sha256:095911bd21dd2dc029b8862b44e65b41341135fd16da60ad9d0df4b8e9a0618e"},
    {file = "grpcio_tools-1.28.1-cp27-cp27mu-manylinux2010_i686.whl", hash = "sha256:cb7b54a96f4d9aae5d9c6b644a69ce48c12cfa3558c86ce0a62d9c8a08a83f2e"},
    {file = "grpcio_tools-1.28.1-cp27-cp27mu-manylinux2010_x86_64.whl", hash = "sha256:8f752fa03eb2d851aac5838aa46a5b831660e9800634fad8ccd46539e9cb4663"},
    {file = "grpcio_tools-1.28.1-cp35-cp35m-linux_armv7l.whl", hash = "sha256:f61d219d06057e015d662c0b40438f119f58e514a5bebf425058a34d05ff21db"},
    {file = "grpcio_tools-1.28.1-cp35-cp35m-macosx_10_9_intel.whl", hash = "sha256:b5cf457dcd6499f8c2f2bdcc486d681ca3ee673064484a31c507df6139bf00fe"},
    {file = "grpcio_tools-1.28.1-cp35-cp35m-manylinux2010_i686.whl", hash = "sha256:c9efe6420d2ffaf9aa32d292817ddfc939b9adf28a51cef30984bab02ed35a58"},
    {file = "grpcio_tools-1.28.1-cp35-cp35m-manylinux2010_x86_64.whl", hash = "sha256:69a60e1c020547668f313b7a81d653f8c820066ab0f6ed979af760905b61d9e1"},
    {file = "grpcio_tools-1.28.1-cp35-cp35m-win32.whl", hash = "sha256:bb9b1a05917011e98e5331d129a40a41f49c5652e1b86d5fea9b3f6c98454928"},
    {file = "grpcio_tools-1.28.1-cp35-cp35m-win_amd64.whl", hash = "sha256:4c980208c1620e52e86c4037058097673ee8e3bbbec34582f2538e614d0c41f4"},
    {file = "grpcio_tools-1.28.1-cp36-cp36m-linux_armv7l.whl", hash = "sha256:d661e5c4f82f9a223b9d1a6c9ec68faea060324e0d25684a6f7fb0b9622ab561"},
    {file = "grpcio_tools-1.28.1-cp36-cp36m-macosx_10_9_x86_64.whl", hash = "sha256:d6ee6f338e0099976161e78ecf91d2ab9c04be75a944ef29facc93a4aad28e1d"},
    {file = "grpcio_tools-1.28.1-cp36-cp36m-manylinux2010_i686.whl", hash = "sha256:493b5a275ff2692942951926a259e396ff13acec72e6d93498638006b1a1bd71"},
    {file = "grpcio_tools-1.28.1-cp36-cp36m-manylinux2010_x86_64.whl", hash = "sha256:9b900cf90b293acd48bf258d5e416eae9540b5aa0c75cc2fe68a7e2c5f4834ae"},
    {file = "grpcio_tools-1.28.1-cp36-cp36m-win32.whl", hash = "sha256:e942dd349d5be0d5ebbe96ed9cbcfb5fdb0bc7b57357754c42db8083a0ec80aa"},
    {file = "grpcio_tools-1.28.1-cp36-cp36m-win_amd64.whl", hash = "sha256:2ffa5f6fbd26ea6c7626bf89d6ef4d64d111000a8bd4e9df69b070093de0f85d"},
    {file = "grpcio_tools-1.28.1-cp37-cp37m-macosx_10_9_x86_64.whl", hash = "sha256:addc40a47f496cafa108ba1a31838a9832223e0dcafaf424d38e6b8c79fe26ac"},
    {file = "grpcio_tools-1.28.1-cp37-cp37m-manylinux2010_i686.whl", hash = "sha256:d89dec894495c51ee0a8dd0c896e4320e95bab179c3faa6a439ef5719486c35e"},
    {file = "grpcio_tools-1.28.1-cp37-cp37m-manylinux2010_x86_64.whl", hash = "sha256:17a6b63ee1650abbbc9306f3144d1d3bd3d088a270ca6569afcb68a8cc4a4a38"},
    {file = "grpcio_tools-1.28.1-cp37-cp37m-win32.whl", hash = "sha256:c527db050fa619a2bd293a73db0e0af42f0bd5a4f41c043fc5da543d81f5fed6"},
    {file = "grpcio_tools-1.28.1-cp37-cp37m-win_amd64.whl", hash = "sha256:55f3a86c3a808b8a5c2dc8112c45329dd912e43a6fb474da94a7e04d8bb36e1a"},
    {file = "grpcio_tools-1.28.1-cp38-cp38-macosx_10_9_x86_64.whl", hash = "sha256:edc01f022a878722ae69bff3faa8c6ec7e967d57b7e8a5f4b2f6100ad903a978"},
    {file = "grpcio_tools-1.28.1-cp38-cp38-manylinux2010_i686.whl", hash = "sha256:27fcab84ea948d965f82c7994903e8e36a20ce4ad7ef55a22c8d7c639e6c8808"},
    {file = "grpcio_tools-1.28.1-cp38-cp38-manylinux2010_x86_64.whl", hash = "sha256:de10f8b28ef3e8a7f336e02b7c2912713bd41e0931c4fad3a6993d25c8511159"},
    {file = "grpcio_tools-1.28.1-cp38-cp38-win32.whl", hash = "sha256:6f7806fe53e5979fa10ec49cbd5236cf0e57c8817ce54350bccc8ebceaeb54fb"},
    {file = "grpcio_tools-1.28.1-cp38-cp38-win_amd64.whl", hash = "sha256:dc7ea3739aa6f5abe6e9a27f403b30c7996978176e5884c41ff3d8a153e7c35a"},
]
jedi = [
    {file = "jedi-0.17.0-py2.py3-none-any.whl", hash = "sha256:cd60c93b71944d628ccac47df9a60fec53150de53d42dc10a7fc4b5ba6aae798"},
    {file = "jedi-0.17.0.tar.gz", hash = "sha256:df40c97641cb943661d2db4c33c2e1ff75d491189423249e989bcea4464f3030"},
]
lndgrpc = [
    {file = "lndgrpc-0.2.0-py3-none-any.whl", hash = "sha256:105da840da1d67f997906c47028d2f5bf0365991fca35b689108bb937ab31ad8"},
    {file = "lndgrpc-0.2.0.tar.gz", hash = "sha256:4ef3687b9f43d2307e8356eea9641b2f86124a8a301dec1807af7e7e4443a537"},
]
parso = [
    {file = "parso-0.7.0-py2.py3-none-any.whl", hash = "sha256:158c140fc04112dc45bca311633ae5033c2c2a7b732fa33d0955bad8152a8dd0"},
    {file = "parso-0.7.0.tar.gz", hash = "sha256:908e9fae2144a076d72ae4e25539143d40b8e3eafbaeae03c1bfe226f4cdf12c"},
]
prompt-toolkit = [
    {file = "prompt_toolkit-1.0.18-py2-none-any.whl", hash = "sha256:f7eec66105baf40eda9ab026cd8b2e251337eea8d111196695d82e0c5f0af852"},
    {file = "prompt_toolkit-1.0.18-py3-none-any.whl", hash = "sha256:37925b37a4af1f6448c76b7606e0285f79f434ad246dda007a27411cca730c6d"},
    {file = "prompt_toolkit-1.0.18.tar.gz", hash = "sha256:dd4fca02c8069497ad931a2d09914c6b0d1b50151ce876bc15bde4c747090126"},
]
protobuf = [
    {file = "protobuf-3.11.3-cp27-cp27m-macosx_10_9_x86_64.whl", hash = "sha256:ef2c2e56aaf9ee914d3dccc3408d42661aaf7d9bb78eaa8f17b2e6282f214481"},
    {file = "protobuf-3.11.3-cp27-cp27mu-manylinux1_x86_64.whl", hash = "sha256:dd9aa4401c36785ea1b6fff0552c674bdd1b641319cb07ed1fe2392388e9b0d7"},
    {file = "protobuf-3.11.3-cp35-cp35m-macosx_10_9_intel.whl", hash = "sha256:310a7aca6e7f257510d0c750364774034272538d51796ca31d42c3925d12a52a"},
    {file = "protobuf-3.11.3-cp35-cp35m-manylinux1_x86_64.whl", hash = "sha256:e512b7f3a4dd780f59f1bf22c302740e27b10b5c97e858a6061772668cd6f961"},
    {file = "protobuf-3.11.3-cp35-cp35m-win32.whl", hash = "sha256:fdfb6ad138dbbf92b5dbea3576d7c8ba7463173f7d2cb0ca1bd336ec88ddbd80"},
    {file = "protobuf-3.11.3-cp35-cp35m-win_amd64.whl", hash = "sha256:e2f8a75261c26b2f5f3442b0525d50fd79a71aeca04b5ec270fc123536188306"},
    {file = "protobuf-3.11.3-cp36-cp36m-macosx_10_9_x86_64.whl", hash = "sha256:c40973a0aee65422d8cb4e7d7cbded95dfeee0199caab54d5ab25b63bce8135a"},
    {file = "protobuf-3.11.3-cp36-cp36m-manylinux1_x86_64.whl", hash = "sha256:adf0e4d57b33881d0c63bb11e7f9038f98ee0c3e334c221f0858f826e8fb0151"},
    {file = "protobuf-3.11.3-cp36-cp36m-win32.whl", hash = "sha256:0bae429443cc4748be2aadfdaf9633297cfaeb24a9a02d0ab15849175ce90fab"},
    {file = "protobuf-3.11.3-cp36-cp36m-win_amd64.whl", hash = "sha256:e11df1ac6905e81b815ab6fd518e79be0a58b5dc427a2cf7208980f30694b956"},
    {file = "protobuf-3.11.3-cp37-cp37m-macosx_10_9_x86_64.whl", hash = "sha256:7774bbbaac81d3ba86de646c39f154afc8156717972bf0450c9dbfa1dc8dbea2"},
    {file = "protobuf-3.11.3-cp37-cp37m-manylinux1_x86_64.whl", hash = "sha256:8eb9c93798b904f141d9de36a0ba9f9b73cc382869e67c9e642c0aba53b0fc07"},
    {file = "protobuf-3.11.3-cp37-cp37m-win32.whl", hash = "sha256:fac513a9dc2a74b99abd2e17109b53945e364649ca03d9f7a0b96aa8d1807d0a"},
    {file = "protobuf-3.11.3-cp37-cp37m-win_amd64.whl", hash = "sha256:82d7ac987715d8d1eb4068bf997f3053468e0ce0287e2729c30601feb6602fee"},
    {file = "protobuf-3.11.3-cp38-cp38-macosx_10_9_x86_64.whl", hash = "sha256:73152776dc75f335c476d11d52ec6f0f6925774802cd48d6189f4d5d7fe753f4"},
    {file = "protobuf-3.11.3-cp38-cp38-manylinux1_x86_64.whl", hash = "sha256:52e586072612c1eec18e1174f8e3bb19d08f075fc2e3f91d3b16c919078469d0"},
    {file = "protobuf-3.11.3-py2.7.egg", hash = "sha256:2affcaba328c4662f3bc3c0e9576ea107906b2c2b6422344cdad961734ff6b93"},
    {file = "protobuf-3.11.3-py2.py3-none-any.whl", hash = "sha256:24e3b6ad259544d717902777b33966a1a069208c885576254c112663e6a5bb0f"},
    {file = "protobuf-3.11.3.tar.gz", hash = "sha256:c77c974d1dadf246d789f6dad1c24426137c9091e930dbf50e0a29c1fcf00b1f"},
]
ptpdb = [
    {file = "ptpdb-0.17-py2-none-any.whl", hash = "sha256:11953dd7263f0873ddd639c45b116256e5c398daf6d98de3a63d17147cae2ffa"},
    {file = "ptpdb-0.17-py3-none-any.whl", hash = "sha256:82e4739e7d122f05a8785351705a1f9c9f0d8b6f61af8dc7c9b8ed0b5adcae2e"},
    {file = "ptpdb-0.17.tar.gz", hash = "sha256:013280ceb32ead4be632de690440d3e7094b56209f59b67c2a86328aa3c7f200"},
]
ptpython = [
    {file = "ptpython-0.33-py2-none-any.whl", hash = "sha256:28684bcd65ee5b0473ee59eb6b0b93b5423f4018b7062a667d918abc5ed5bf52"},
    {file = "ptpython-0.33-py3-none-any.whl", hash = "sha256:72ae8327faf65fbee7eecf3a133ff7865e1dbc0cfdc77c22484e0aeb15bc814d"},
    {file = "ptpython-0.33.tar.gz", hash = "sha256:86bb8bc6b3b2e4c7d4b400867d53fd94ffc4fe029d146f7a54d4e53160479435"},
]
pygments = [
    {file = "Pygments-2.6.1-py3-none-any.whl", hash = "sha256:ff7a40b4860b727ab48fad6360eb351cc1b33cbf9b15a0f689ca5353e9463324"},
    {file = "Pygments-2.6.1.tar.gz", hash = "sha256:647344a061c249a3b74e230c739f434d7ea4d8b1d5f3721bc0f3558049b38f44"},
]
python-bitcoinlib = [
    {file = "python-bitcoinlib-0.11.0.tar.gz", hash = "sha256:3daafd63cb755f6e2067b7c9c514053856034c9f9363c80c37007744d54a2e06"},
    {file = "python_bitcoinlib-0.11.0-py3-none-any.whl", hash = "sha256:6e7982734637135599e2136d3c88d622f147e3b29201636665f799365784cd9e"},
]
pytz = [
    {file = "pytz-2019.3-py2.py3-none-any.whl", hash = "sha256:1c557d7d0e871de1f5ccd5833f60fb2550652da6be2693c1e02300743d21500d"},
    {file = "pytz-2019.3.tar.gz", hash = "sha256:b02c06db6cf09c12dd25137e563b31700d3b80fcc4ad23abb7a315f2789819be"},
]
six = [
    {file = "six-1.14.0-py2.py3-none-any.whl", hash = "sha256:8f3cd2e254d8f793e7f3d6d9df77b92252b52637291d0f0da013c76ea2724b6c"},
    {file = "six-1.14.0.tar.gz", hash = "sha256:236bdbdce46e6e6a3d61a337c0f8b763ca1e8717c03b369e87a7ec7ce1319c0a"},
]
sqlparse = [
    {file = "sqlparse-0.3.1-py2.py3-none-any.whl", hash = "sha256:022fb9c87b524d1f7862b3037e541f68597a730a8843245c349fc93e1643dc4e"},
    {file = "sqlparse-0.3.1.tar.gz", hash = "sha256:e162203737712307dfe78860cc56c8da8a852ab2ee33750e33aeadf38d12c548"},
]
wcwidth = [
    {file = "wcwidth-0.1.9-py2.py3-none-any.whl", hash = "sha256:cafe2186b3c009a04067022ce1dcd79cb38d8d65ee4f4791b8888d6599d1bbe1"},
    {file = "wcwidth-0.1.9.tar.gz", hash = "sha256:ee73862862a156bf77ff92b09034fc4825dd3af9cf81bc5b360668d425f3c5f1"},
]
