[[package]]
category = "main"
description = "asyncio wrapper for grpc.io"
name = "aiogrpc"
optional = false
python-versions = ">=3.6"
version = "1.7"

[package.dependencies]
grpcio = ">=1.12.0"

[[package]]
category = "main"
description = "ASGI specs, helper code, and adapters"
name = "asgiref"
optional = false
python-versions = ">=3.5"
version = "3.2.7"

[package.extras]
tests = ["pytest (>=4.3.0,<4.4.0)", "pytest-asyncio (>=0.10.0,<0.11.0)"]

[[package]]
category = "main"
description = "Python package for providing Mozilla's CA Bundle."
name = "certifi"
optional = false
python-versions = "*"
version = "2020.4.5.1"

[[package]]
category = "main"
description = "Foreign Function Interface for Python calling C code."
name = "cffi"
optional = false
python-versions = "*"
version = "1.14.0"

[package.dependencies]
pycparser = "*"

[[package]]
category = "main"
description = "Universal encoding detector for Python 2 and 3"
name = "chardet"
optional = false
python-versions = "*"
version = "3.0.4"

[[package]]
category = "main"
description = "cryptography is a package which provides cryptographic recipes and primitives to Python developers."
name = "cryptography"
optional = false
python-versions = ">=2.7,!=3.0.*,!=3.1.*,!=3.2.*,!=3.3.*,!=3.4.*"
version = "2.9.2"

[package.dependencies]
cffi = ">=1.8,<1.11.3 || >1.11.3"
six = ">=1.4.1"

[package.extras]
docs = ["sphinx (>=1.6.5,<1.8.0 || >1.8.0)", "sphinx-rtd-theme"]
docstest = ["doc8", "pyenchant (>=1.6.11)", "twine (>=1.12.0)", "sphinxcontrib-spelling (>=4.0.1)"]
idna = ["idna (>=2.1)"]
pep8test = ["flake8", "flake8-import-order", "pep8-naming"]
test = ["pytest (>=3.6.0,<3.9.0 || >3.9.0,<3.9.1 || >3.9.1,<3.9.2 || >3.9.2)", "pretend", "iso8601", "pytz", "hypothesis (>=1.11.4,<3.79.2 || >3.79.2)"]

[[package]]
category = "main"
description = "A high-level Python Web framework that encourages rapid development and clean, pragmatic design."
name = "django"
optional = false
python-versions = ">=3.6"
version = "3.0.5"

[package.dependencies]
asgiref = ">=3.2,<4.0"
pytz = "*"
sqlparse = ">=0.2.2"

[package.extras]
argon2 = ["argon2-cffi (>=16.1.0)"]
bcrypt = ["bcrypt"]

[[package]]
category = "main"
description = "Web APIs for Django, made easy."
name = "djangorestframework"
optional = false
python-versions = ">=3.5"
version = "3.11.0"

[package.dependencies]
django = ">=1.11"

[[package]]
category = "main"
description = "Pythonic argument parser, that will make you smile"
name = "docopt"
optional = false
python-versions = "*"
version = "0.6.2"

[[package]]
category = "main"
description = "Common protobufs used in Google APIs"
name = "googleapis-common-protos"
optional = false
python-versions = "*"
version = "1.51.0"

[package.dependencies]
protobuf = ">=3.6.0"

[package.extras]
grpc = ["grpcio (>=1.0.0)"]

[[package]]
category = "main"
description = "HTTP/2-based RPC framework"
name = "grpcio"
optional = false
python-versions = "*"
version = "1.28.1"

[package.dependencies]
six = ">=1.5.2"

[[package]]
category = "main"
description = "Protobuf code generator for gRPC"
name = "grpcio-tools"
optional = false
python-versions = "*"
version = "1.28.1"

[package.dependencies]
grpcio = ">=1.28.1"
protobuf = ">=3.5.0.post1"

[[package]]
category = "main"
description = "Internationalized Domain Names in Applications (IDNA)"
name = "idna"
optional = false
python-versions = ">=2.7, !=3.0.*, !=3.1.*, !=3.2.*, !=3.3.*"
version = "2.9"

[[package]]
category = "main"
description = "An autocompletion tool for Python that can be used for text editors."
name = "jedi"
optional = false
python-versions = ">=2.7, !=3.0.*, !=3.1.*, !=3.2.*, !=3.3.*, !=3.4.*"
version = "0.17.0"

[package.dependencies]
parso = ">=0.7.0"

[package.extras]
qa = ["flake8 (3.7.9)"]
testing = ["colorama", "docopt", "pytest (>=3.9.0,<5.0.0)"]

[[package]]
category = "main"
description = "An rpc client for LND (lightning network deamon)"
name = "lndgrpc"
optional = false
python-versions = ">=2.7, !=3.0.*, !=3.1.*, !=3.2.*, !=3.3.*, <4"
version = "0.2.0"

[package.dependencies]
aiogrpc = "*"
googleapis-common-protos = "*"
grpcio = "*"
grpcio-tools = "*"

[[package]]
category = "main"
description = "Provides enhanced HTTPS support for httplib and urllib2 using PyOpenSSL"
name = "ndg-httpsclient"
optional = false
python-versions = ">=2.7, !=3.0.*, !=3.1.*, !=3.2.*, !=3.3.*"
version = "0.5.1"

[package.dependencies]
PyOpenSSL = "*"
pyasn1 = ">=0.1.1"

[[package]]
category = "main"
description = "A Python Parser"
name = "parso"
optional = false
python-versions = ">=2.7, !=3.0.*, !=3.1.*, !=3.2.*, !=3.3.*"
version = "0.7.0"

[package.extras]
testing = ["docopt", "pytest (>=3.0.7)"]

[[package]]
category = "main"
description = "Library for building powerful interactive command lines in Python"
name = "prompt-toolkit"
optional = false
python-versions = "*"
version = "1.0.18"

[package.dependencies]
six = ">=1.9.0"
wcwidth = "*"

[[package]]
category = "main"
description = "Protocol Buffers"
name = "protobuf"
optional = false
python-versions = "*"
version = "3.11.3"

[package.dependencies]
setuptools = "*"
six = ">=1.9"

[[package]]
category = "main"
description = "Python debugger (pdb) build on top of prompt_toolkit"
name = "ptpdb"
optional = false
python-versions = "*"
version = "0.17"

[package.dependencies]
prompt-toolkit = ">=1.0.0,<2.0.0"
ptpython = "0.33"

[[package]]
category = "main"
description = "Python REPL build on top of prompt_toolkit"
name = "ptpython"
optional = false
python-versions = "*"
version = "0.33"

[package.dependencies]
docopt = "*"
jedi = ">=0.9.0"
prompt-toolkit = ">=1.0.0,<2.0.0"
pygments = "*"

[[package]]
category = "main"
description = "A Python library to interract with the Pusher Channels API"
name = "pusher"
optional = false
python-versions = "*"
version = "3.0.0"

[package.dependencies]
ndg-httpsclient = "*"
pyasn1 = "*"
pynacl = "*"
pyopenssl = "*"
requests = ">=2.3.0"
six = "*"
urllib3 = "*"

[package.extras]
aiohttp = ["aiohttp (>=0.20.0)"]
tornado = ["tornado (>=5.0.0)"]

[[package]]
category = "main"
description = "ASN.1 types and codecs"
name = "pyasn1"
optional = false
python-versions = "*"
version = "0.4.8"

[[package]]
category = "main"
description = "C parser in Python"
name = "pycparser"
optional = false
python-versions = ">=2.7, !=3.0.*, !=3.1.*, !=3.2.*, !=3.3.*"
version = "2.20"

[[package]]
category = "main"
description = "Pygments is a syntax highlighting package written in Python."
name = "pygments"
optional = false
python-versions = ">=3.5"
version = "2.6.1"

[[package]]
category = "main"
description = "Python binding to the Networking and Cryptography (NaCl) library"
name = "pynacl"
optional = false
python-versions = "*"
version = "1.3.0"

[package.dependencies]
cffi = ">=1.4.1"
six = "*"

[package.extras]
docs = ["sphinx (>=1.6.5)", "sphinx-rtd-theme"]
tests = ["pytest (>=3.2.1,<3.3.0 || >3.3.0)", "hypothesis (>=3.27.0)"]

[[package]]
category = "main"
description = "Python wrapper module around the OpenSSL library"
name = "pyopenssl"
optional = false
python-versions = "*"
version = "19.1.0"

[package.dependencies]
cryptography = ">=2.8"
six = ">=1.5.2"

[package.extras]
docs = ["sphinx", "sphinx-rtd-theme"]
test = ["flaky", "pretend", "pytest (>=3.0.1)"]

[[package]]
category = "main"
description = "The Swiss Army Knife of the Bitcoin protocol."
name = "python-bitcoinlib"
optional = false
python-versions = "*"
version = "0.11.0"

[[package]]
category = "main"
description = "World timezone definitions, modern and historical"
name = "pytz"
optional = false
python-versions = "*"
version = "2019.3"

[[package]]
category = "main"
description = "Python HTTP for Humans."
name = "requests"
optional = false
python-versions = ">=2.7, !=3.0.*, !=3.1.*, !=3.2.*, !=3.3.*, !=3.4.*"
version = "2.23.0"

[package.dependencies]
certifi = ">=2017.4.17"
chardet = ">=3.0.2,<4"
idna = ">=2.5,<3"
urllib3 = ">=1.21.1,<1.25.0 || >1.25.0,<1.25.1 || >1.25.1,<1.26"

[package.extras]
security = ["pyOpenSSL (>=0.14)", "cryptography (>=1.3.4)"]
socks = ["PySocks (>=1.5.6,<1.5.7 || >1.5.7)", "win-inet-pton"]

[[package]]
category = "main"
description = "Python 2 and 3 compatibility utilities"
name = "six"
optional = false
python-versions = ">=2.7, !=3.0.*, !=3.1.*, !=3.2.*"
version = "1.14.0"

[[package]]
category = "main"
description = "Non-validating SQL parser"
name = "sqlparse"
optional = false
python-versions = ">=2.7, !=3.0.*, !=3.1.*, !=3.2.*, !=3.3.*"
version = "0.3.1"

[[package]]
category = "main"
description = "HTTP library with thread-safe connection pooling, file post, and more."
name = "urllib3"
optional = false
python-versions = ">=2.7, !=3.0.*, !=3.1.*, !=3.2.*, !=3.3.*, !=3.4.*, <4"
version = "1.25.9"

[package.extras]
brotli = ["brotlipy (>=0.6.0)"]
secure = ["certifi", "cryptography (>=1.3.4)", "idna (>=2.0.0)", "pyOpenSSL (>=0.14)", "ipaddress"]
socks = ["PySocks (>=1.5.6,<1.5.7 || >1.5.7,<2.0)"]

[[package]]
category = "main"
description = "Measures number of Terminal column cells of wide-character codes"
name = "wcwidth"
optional = false
python-versions = "*"
version = "0.1.9"

[metadata]
content-hash = "278ae8ecf10f1f0e8df0b0d6c5e28e43a7e4cc288387cfce0a807ab0a53e4b30"
python-versions = "^3.8"

[metadata.files]
aiogrpc = [
    {file = "aiogrpc-1.7-py3-none-any.whl", hash = "sha256:0c56241d176c45a64e238f6ae0106a81277dbcd7e808ee340f2774b44c8b7ae5"},
    {file = "aiogrpc-1.7.tar.gz", hash = "sha256:10fb27d2d70f2594d3d82d42fc29ffd7cd4cb696729f5d1c5b611bae953f0f26"},
]
asgiref = [
    {file = "asgiref-3.2.7-py2.py3-none-any.whl", hash = "sha256:9ca8b952a0a9afa61d30aa6d3d9b570bb3fd6bafcf7ec9e6bed43b936133db1c"},
    {file = "asgiref-3.2.7.tar.gz", hash = "sha256:8036f90603c54e93521e5777b2b9a39ba1bad05773fcf2d208f0299d1df58ce5"},
]
certifi = [
    {file = "certifi-2020.4.5.1-py2.py3-none-any.whl", hash = "sha256:1d987a998c75633c40847cc966fcf5904906c920a7f17ef374f5aa4282abd304"},
    {file = "certifi-2020.4.5.1.tar.gz", hash = "sha256:51fcb31174be6e6664c5f69e3e1691a2d72a1a12e90f872cbdb1567eb47b6519"},
]
cffi = [
    {file = "cffi-1.14.0-cp27-cp27m-macosx_10_9_x86_64.whl", hash = "sha256:1cae98a7054b5c9391eb3249b86e0e99ab1e02bb0cc0575da191aedadbdf4384"},
    {file = "cffi-1.14.0-cp27-cp27m-manylinux1_i686.whl", hash = "sha256:cf16e3cf6c0a5fdd9bc10c21687e19d29ad1fe863372b5543deaec1039581a30"},
    {file = "cffi-1.14.0-cp27-cp27m-manylinux1_x86_64.whl", hash = "sha256:f2b0fa0c01d8a0c7483afd9f31d7ecf2d71760ca24499c8697aeb5ca37dc090c"},
    {file = "cffi-1.14.0-cp27-cp27m-win32.whl", hash = "sha256:99f748a7e71ff382613b4e1acc0ac83bf7ad167fb3802e35e90d9763daba4d78"},
    {file = "cffi-1.14.0-cp27-cp27m-win_amd64.whl", hash = "sha256:c420917b188a5582a56d8b93bdd8e0f6eca08c84ff623a4c16e809152cd35793"},
    {file = "cffi-1.14.0-cp27-cp27mu-manylinux1_i686.whl", hash = "sha256:399aed636c7d3749bbed55bc907c3288cb43c65c4389964ad5ff849b6370603e"},
    {file = "cffi-1.14.0-cp27-cp27mu-manylinux1_x86_64.whl", hash = "sha256:cab50b8c2250b46fe738c77dbd25ce017d5e6fb35d3407606e7a4180656a5a6a"},
    {file = "cffi-1.14.0-cp35-cp35m-macosx_10_9_x86_64.whl", hash = "sha256:001bf3242a1bb04d985d63e138230802c6c8d4db3668fb545fb5005ddf5bb5ff"},
    {file = "cffi-1.14.0-cp35-cp35m-manylinux1_i686.whl", hash = "sha256:e56c744aa6ff427a607763346e4170629caf7e48ead6921745986db3692f987f"},
    {file = "cffi-1.14.0-cp35-cp35m-manylinux1_x86_64.whl", hash = "sha256:b8c78301cefcf5fd914aad35d3c04c2b21ce8629b5e4f4e45ae6812e461910fa"},
    {file = "cffi-1.14.0-cp35-cp35m-win32.whl", hash = "sha256:8c0ffc886aea5df6a1762d0019e9cb05f825d0eec1f520c51be9d198701daee5"},
    {file = "cffi-1.14.0-cp35-cp35m-win_amd64.whl", hash = "sha256:8a6c688fefb4e1cd56feb6c511984a6c4f7ec7d2a1ff31a10254f3c817054ae4"},
    {file = "cffi-1.14.0-cp36-cp36m-macosx_10_9_x86_64.whl", hash = "sha256:95cd16d3dee553f882540c1ffe331d085c9e629499ceadfbda4d4fde635f4b7d"},
    {file = "cffi-1.14.0-cp36-cp36m-manylinux1_i686.whl", hash = "sha256:66e41db66b47d0d8672d8ed2708ba91b2f2524ece3dee48b5dfb36be8c2f21dc"},
    {file = "cffi-1.14.0-cp36-cp36m-manylinux1_x86_64.whl", hash = "sha256:028a579fc9aed3af38f4892bdcc7390508adabc30c6af4a6e4f611b0c680e6ac"},
    {file = "cffi-1.14.0-cp36-cp36m-win32.whl", hash = "sha256:cef128cb4d5e0b3493f058f10ce32365972c554572ff821e175dbc6f8ff6924f"},
    {file = "cffi-1.14.0-cp36-cp36m-win_amd64.whl", hash = "sha256:337d448e5a725bba2d8293c48d9353fc68d0e9e4088d62a9571def317797522b"},
    {file = "cffi-1.14.0-cp37-cp37m-macosx_10_9_x86_64.whl", hash = "sha256:e577934fc5f8779c554639376beeaa5657d54349096ef24abe8c74c5d9c117c3"},
    {file = "cffi-1.14.0-cp37-cp37m-manylinux1_i686.whl", hash = "sha256:62ae9af2d069ea2698bf536dcfe1e4eed9090211dbaafeeedf5cb6c41b352f66"},
    {file = "cffi-1.14.0-cp37-cp37m-manylinux1_x86_64.whl", hash = "sha256:14491a910663bf9f13ddf2bc8f60562d6bc5315c1f09c704937ef17293fb85b0"},
    {file = "cffi-1.14.0-cp37-cp37m-win32.whl", hash = "sha256:c43866529f2f06fe0edc6246eb4faa34f03fe88b64a0a9a942561c8e22f4b71f"},
    {file = "cffi-1.14.0-cp37-cp37m-win_amd64.whl", hash = "sha256:2089ed025da3919d2e75a4d963d008330c96751127dd6f73c8dc0c65041b4c26"},
    {file = "cffi-1.14.0-cp38-cp38-macosx_10_9_x86_64.whl", hash = "sha256:3b911c2dbd4f423b4c4fcca138cadde747abdb20d196c4a48708b8a2d32b16dd"},
    {file = "cffi-1.14.0-cp38-cp38-manylinux1_i686.whl", hash = "sha256:7e63cbcf2429a8dbfe48dcc2322d5f2220b77b2e17b7ba023d6166d84655da55"},
    {file = "cffi-1.14.0-cp38-cp38-manylinux1_x86_64.whl", hash = "sha256:3d311bcc4a41408cf5854f06ef2c5cab88f9fded37a3b95936c9879c1640d4c2"},
    {file = "cffi-1.14.0-cp38-cp38-win32.whl", hash = "sha256:675686925a9fb403edba0114db74e741d8181683dcf216be697d208857e04ca8"},
    {file = "cffi-1.14.0-cp38-cp38-win_amd64.whl", hash = "sha256:00789914be39dffba161cfc5be31b55775de5ba2235fe49aa28c148236c4e06b"},
    {file = "cffi-1.14.0.tar.gz", hash = "sha256:2d384f4a127a15ba701207f7639d94106693b6cd64173d6c8988e2c25f3ac2b6"},
]
chardet = [
    {file = "chardet-3.0.4-py2.py3-none-any.whl", hash = "sha256:fc323ffcaeaed0e0a02bf4d117757b98aed530d9ed4531e3e15460124c106691"},
    {file = "chardet-3.0.4.tar.gz", hash = "sha256:84ab92ed1c4d4f16916e05906b6b75a6c0fb5db821cc65e70cbd64a3e2a5eaae"},
]
cryptography = [
    {file = "cryptography-2.9.2-cp27-cp27m-macosx_10_9_x86_64.whl", hash = "sha256:daf54a4b07d67ad437ff239c8a4080cfd1cc7213df57d33c97de7b4738048d5e"},
    {file = "cryptography-2.9.2-cp27-cp27m-manylinux1_x86_64.whl", hash = "sha256:3b3eba865ea2754738616f87292b7f29448aec342a7c720956f8083d252bf28b"},
    {file = "cryptography-2.9.2-cp27-cp27m-manylinux2010_x86_64.whl", hash = "sha256:c447cf087cf2dbddc1add6987bbe2f767ed5317adb2d08af940db517dd704365"},
    {file = "cryptography-2.9.2-cp27-cp27m-win32.whl", hash = "sha256:f118a95c7480f5be0df8afeb9a11bd199aa20afab7a96bcf20409b411a3a85f0"},
    {file = "cryptography-2.9.2-cp27-cp27m-win_amd64.whl", hash = "sha256:c4fd17d92e9d55b84707f4fd09992081ba872d1a0c610c109c18e062e06a2e55"},
    {file = "cryptography-2.9.2-cp27-cp27mu-manylinux1_x86_64.whl", hash = "sha256:d0d5aeaedd29be304848f1c5059074a740fa9f6f26b84c5b63e8b29e73dfc270"},
    {file = "cryptography-2.9.2-cp27-cp27mu-manylinux2010_x86_64.whl", hash = "sha256:1e4014639d3d73fbc5ceff206049c5a9a849cefd106a49fa7aaaa25cc0ce35cf"},
    {file = "cryptography-2.9.2-cp35-abi3-macosx_10_9_x86_64.whl", hash = "sha256:96c080ae7118c10fcbe6229ab43eb8b090fccd31a09ef55f83f690d1ef619a1d"},
    {file = "cryptography-2.9.2-cp35-abi3-manylinux1_x86_64.whl", hash = "sha256:e993468c859d084d5579e2ebee101de8f5a27ce8e2159959b6673b418fd8c785"},
    {file = "cryptography-2.9.2-cp35-abi3-manylinux2010_x86_64.whl", hash = "sha256:88c881dd5a147e08d1bdcf2315c04972381d026cdb803325c03fe2b4a8ed858b"},
    {file = "cryptography-2.9.2-cp35-cp35m-win32.whl", hash = "sha256:651448cd2e3a6bc2bb76c3663785133c40d5e1a8c1a9c5429e4354201c6024ae"},
    {file = "cryptography-2.9.2-cp35-cp35m-win_amd64.whl", hash = "sha256:726086c17f94747cedbee6efa77e99ae170caebeb1116353c6cf0ab67ea6829b"},
    {file = "cryptography-2.9.2-cp36-cp36m-win32.whl", hash = "sha256:091d31c42f444c6f519485ed528d8b451d1a0c7bf30e8ca583a0cac44b8a0df6"},
    {file = "cryptography-2.9.2-cp36-cp36m-win_amd64.whl", hash = "sha256:bb1f0281887d89617b4c68e8db9a2c42b9efebf2702a3c5bf70599421a8623e3"},
    {file = "cryptography-2.9.2-cp37-cp37m-win32.whl", hash = "sha256:18452582a3c85b96014b45686af264563e3e5d99d226589f057ace56196ec78b"},
    {file = "cryptography-2.9.2-cp37-cp37m-win_amd64.whl", hash = "sha256:22e91636a51170df0ae4dcbd250d318fd28c9f491c4e50b625a49964b24fe46e"},
    {file = "cryptography-2.9.2-cp38-cp38-win32.whl", hash = "sha256:844a76bc04472e5135b909da6aed84360f522ff5dfa47f93e3dd2a0b84a89fa0"},
    {file = "cryptography-2.9.2-cp38-cp38-win_amd64.whl", hash = "sha256:1dfa985f62b137909496e7fc182dac687206d8d089dd03eaeb28ae16eec8e7d5"},
    {file = "cryptography-2.9.2.tar.gz", hash = "sha256:a0c30272fb4ddda5f5ffc1089d7405b7a71b0b0f51993cb4e5dbb4590b2fc229"},
]
django = [
    {file = "Django-3.0.5-py3-none-any.whl", hash = "sha256:642d8eceab321ca743ae71e0f985ff8fdca59f07aab3a9fb362c617d23e33a76"},
    {file = "Django-3.0.5.tar.gz", hash = "sha256:d4666c2edefa38c5ede0ec1655424c56dc47ceb04b6d8d62a7eac09db89545c1"},
]
djangorestframework = [
    {file = "djangorestframework-3.11.0-py3-none-any.whl", hash = "sha256:05809fc66e1c997fd9a32ea5730d9f4ba28b109b9da71fccfa5ff241201fd0a4"},
    {file = "djangorestframework-3.11.0.tar.gz", hash = "sha256:e782087823c47a26826ee5b6fa0c542968219263fb3976ec3c31edab23a4001f"},
]
docopt = [
    {file = "docopt-0.6.2.tar.gz", hash = "sha256:49b3a825280bd66b3aa83585ef59c4a8c82f2c8a522dbe754a8bc8d08c85c491"},
]
googleapis-common-protos = [
    {file = "googleapis-common-protos-1.51.0.tar.gz", hash = "sha256:013c91704279119150e44ef770086fdbba158c1f978a6402167d47d5409e226e"},
]
grpcio = [
    {file = "grpcio-1.28.1-cp27-cp27m-macosx_10_9_x86_64.whl", hash = "sha256:085bbf7fd0070b8d65e84aa32979f17cfe624d27b5ce23955ef770c19d2d9623"},
    {file = "grpcio-1.28.1-cp27-cp27m-manylinux2010_i686.whl", hash = "sha256:f80d10bdf1a306f7063046321fd4efc7732a606acdd4e6259b8a37349079b704"},
    {file = "grpcio-1.28.1-cp27-cp27m-manylinux2010_x86_64.whl", hash = "sha256:e9439d7b801c86df13c6cbb4c5a7e181c058f3c119d5e119a94a5f3090a8f060"},
    {file = "grpcio-1.28.1-cp27-cp27m-win32.whl", hash = "sha256:271abbe28eb99fa5c70b3f272c0c66b67dab7bb11e1d29d8e616b4e0e099d29a"},
    {file = "grpcio-1.28.1-cp27-cp27m-win_amd64.whl", hash = "sha256:df749ee982ec35ab76d37a1e637b10a92b4573e2b4e1f86a5fa8a1273c40a850"},
    {file = "grpcio-1.28.1-cp27-cp27mu-linux_armv7l.whl", hash = "sha256:0ef6b380a588c2c6b29c6cfa0ba7f5d367beb33d5504bcc68658fa241ad498d2"},
    {file = "grpcio-1.28.1-cp27-cp27mu-manylinux2010_i686.whl", hash = "sha256:c6565cc92853af13237b2233f331efdad07339d27fe1f5f74256bfde7dc2f587"},
    {file = "grpcio-1.28.1-cp27-cp27mu-manylinux2010_x86_64.whl", hash = "sha256:97b5612fc5d4bbf0490a2d80bed5eab5b59112ef1640440c1a9ac824bafa6968"},
    {file = "grpcio-1.28.1-cp35-cp35m-linux_armv7l.whl", hash = "sha256:4bef0756b9e0df78e8d67a5b1e0e89b7daf41525d575f74e1f14a993c55b680d"},
    {file = "grpcio-1.28.1-cp35-cp35m-macosx_10_7_intel.whl", hash = "sha256:0c130204ff5de0b9f041bf3126db0d29369d69883592e4b0d3c19868ba0ced7e"},
    {file = "grpcio-1.28.1-cp35-cp35m-manylinux2010_i686.whl", hash = "sha256:70ff2df0c1795c5cf585a72d95bb458838b40bad5653c314b9067ba819e918f9"},
    {file = "grpcio-1.28.1-cp35-cp35m-manylinux2010_x86_64.whl", hash = "sha256:a35f8f4a0334ed8b05db90383aecef8e49923ab430689a4360a74052f3a89cf4"},
    {file = "grpcio-1.28.1-cp35-cp35m-win32.whl", hash = "sha256:f83b0c91796eb42865451a20e82246011078ba067ea0744f7301e12a94ae2e1b"},
    {file = "grpcio-1.28.1-cp35-cp35m-win_amd64.whl", hash = "sha256:c2e53eb253840f05278a8410628419ba7060815f86d48c9d83b6047de21c9956"},
    {file = "grpcio-1.28.1-cp36-cp36m-linux_armv7l.whl", hash = "sha256:16f5523dacae5aaeda4cf900da7e980747f663298c38c18eb4e5317704aa007a"},
    {file = "grpcio-1.28.1-cp36-cp36m-macosx_10_9_x86_64.whl", hash = "sha256:3c7864d5ae63b787001b01b376f6315aef1a015aa9c809535235ed0ead907919"},
    {file = "grpcio-1.28.1-cp36-cp36m-manylinux2010_i686.whl", hash = "sha256:c3645887db3309fc87c3db740b977d403fb265ebab292f1f6a926c4661231fd5"},
    {file = "grpcio-1.28.1-cp36-cp36m-manylinux2010_x86_64.whl", hash = "sha256:16e1edb367763ea08d0994d4635ec05f4f8db9db59c39304b061097e3b93df43"},
    {file = "grpcio-1.28.1-cp36-cp36m-win32.whl", hash = "sha256:5c2e81b6ab9768c43f2ca1c9a4c925823aad79ae95efb351007df4b92ebce592"},
    {file = "grpcio-1.28.1-cp36-cp36m-win_amd64.whl", hash = "sha256:245564713cb4ac7bccb0f11be63781beb62299a44d8ab69031c859dbd9461728"},
    {file = "grpcio-1.28.1-cp37-cp37m-macosx_10_9_x86_64.whl", hash = "sha256:f493ac4754717f25ace3614a51dd408a32b8bff3c9c0c85e9356e7e0a120a8c8"},
    {file = "grpcio-1.28.1-cp37-cp37m-manylinux2010_i686.whl", hash = "sha256:3366bd6412c1e73acb1ee27d7f0c7d7dbee118ad8d98c957c8173691b2effeec"},
    {file = "grpcio-1.28.1-cp37-cp37m-manylinux2010_x86_64.whl", hash = "sha256:4fe081862e58b8fbef0e479aefc9a64f8f17f53074df1085d8c1fe825a6e5df4"},
    {file = "grpcio-1.28.1-cp37-cp37m-win32.whl", hash = "sha256:3893b39a0a17d857dc3a42fdb02a26aa53a59bfce49987187bcc0261647f1f55"},
    {file = "grpcio-1.28.1-cp37-cp37m-win_amd64.whl", hash = "sha256:2e1b01cba26988c811c7fb91a0bca19c9afb776cc3d228993f08d324bdd0510a"},
    {file = "grpcio-1.28.1-cp38-cp38-macosx_10_9_x86_64.whl", hash = "sha256:181b5078cf568f37915b8a118afcef5fc9f3128c59c38998ed93e7dd793e3928"},
    {file = "grpcio-1.28.1-cp38-cp38-manylinux2010_i686.whl", hash = "sha256:aafe85a8210dfa1da3c46831b7f00c3735240b7b028eeba339eaea6ffdb593fb"},
    {file = "grpcio-1.28.1-cp38-cp38-manylinux2010_x86_64.whl", hash = "sha256:42c6716adf3ec1f608b2b56e885f26dd86e80d2fc1617f51fc92d1b0b649e28e"},
    {file = "grpcio-1.28.1-cp38-cp38-win32.whl", hash = "sha256:505a8d1b4ac571a51f10c4c995d5d4714f03c886604dc3c097ef5fd57bcfcf0b"},
    {file = "grpcio-1.28.1-cp38-cp38-win_amd64.whl", hash = "sha256:0ae207a47ec0ad66eb1f53a27d566674d13a236c62ced409891335318ea9b8c5"},
    {file = "grpcio-1.28.1.tar.gz", hash = "sha256:cbc322c5d5615e67c2a15be631f64e6c2bab8c12505bc7c150948abdaa0bdbac"},
]
grpcio-tools = [
    {file = "grpcio-tools-1.28.1.tar.gz", hash = "sha256:adf089aaf6e21358b12e39d9fa7c28611340d8399a918c0b72ff122ce9b7e0af"},
    {file = "grpcio_tools-1.28.1-cp27-cp27m-macosx_10_9_x86_64.whl", hash = "sha256:9210b3575fee355a4056cff8ff7212b823371e9fa9ad1467e3c0c5cb006d0d7d"},
    {file = "grpcio_tools-1.28.1-cp27-cp27m-manylinux2010_i686.whl", hash = "sha256:b5ee6f089bb040d175e658911760584c7a6cb70fbdcc78bdbe6349475933483b"},
    {file = "grpcio_tools-1.28.1-cp27-cp27m-manylinux2010_x86_64.whl", hash = "sha256:e05f7bfb63b844b7f9d8b50019b02168fd8982278dc0443986f3504b3cb87d2a"},
    {file = "grpcio_tools-1.28.1-cp27-cp27m-win32.whl", hash = "sha256:b22172e3ad5e849815f3e35a002fb67c52e83cd3e4299cf45760de4674c7cd04"},
    {file = "grpcio_tools-1.28.1-cp27-cp27m-win_amd64.whl", hash = "sha256:491dcd98d988c0a4ed9bbb1ec6310588fc0e16b334b64119b973363a1cf96cc1"},
    {file = "grpcio_tools-1.28.1-cp27-cp27mu-linux_armv7l.whl", hash = "sha256:095911bd21dd2dc029b8862b44e65b41341135fd16da60ad9d0df4b8e9a0618e"},
    {file = "grpcio_tools-1.28.1-cp27-cp27mu-manylinux2010_i686.whl", hash = "sha256:cb7b54a96f4d9aae5d9c6b644a69ce48c12cfa3558c86ce0a62d9c8a08a83f2e"},
    {file = "grpcio_tools-1.28.1-cp27-cp27mu-manylinux2010_x86_64.whl", hash = "sha256:8f752fa03eb2d851aac5838aa46a5b831660e9800634fad8ccd46539e9cb4663"},
    {file = "grpcio_tools-1.28.1-cp35-cp35m-linux_armv7l.whl", hash = "sha256:f61d219d06057e015d662c0b40438f119f58e514a5bebf425058a34d05ff21db"},
    {file = "grpcio_tools-1.28.1-cp35-cp35m-macosx_10_9_intel.whl", hash = "sha256:b5cf457dcd6499f8c2f2bdcc486d681ca3ee673064484a31c507df6139bf00fe"},
    {file = "grpcio_tools-1.28.1-cp35-cp35m-manylinux2010_i686.whl", hash = "sha256:c9efe6420d2ffaf9aa32d292817ddfc939b9adf28a51cef30984bab02ed35a58"},
    {file = "grpcio_tools-1.28.1-cp35-cp35m-manylinux2010_x86_64.whl", hash = "sha256:69a60e1c020547668f313b7a81d653f8c820066ab0f6ed979af760905b61d9e1"},
    {file = "grpcio_tools-1.28.1-cp35-cp35m-win32.whl", hash = "sha256:bb9b1a05917011e98e5331d129a40a41f49c5652e1b86d5fea9b3f6c98454928"},
    {file = "grpcio_tools-1.28.1-cp35-cp35m-win_amd64.whl", hash = "sha256:4c980208c1620e52e86c4037058097673ee8e3bbbec34582f2538e614d0c41f4"},
    {file = "grpcio_tools-1.28.1-cp36-cp36m-linux_armv7l.whl", hash = "sha256:d661e5c4f82f9a223b9d1a6c9ec68faea060324e0d25684a6f7fb0b9622ab561"},
    {file = "grpcio_tools-1.28.1-cp36-cp36m-macosx_10_9_x86_64.whl", hash = "sha256:d6ee6f338e0099976161e78ecf91d2ab9c04be75a944ef29facc93a4aad28e1d"},
    {file = "grpcio_tools-1.28.1-cp36-cp36m-manylinux2010_i686.whl", hash = "sha256:493b5a275ff2692942951926a259e396ff13acec72e6d93498638006b1a1bd71"},
    {file = "grpcio_tools-1.28.1-cp36-cp36m-manylinux2010_x86_64.whl", hash = "sha256:9b900cf90b293acd48bf258d5e416eae9540b5aa0c75cc2fe68a7e2c5f4834ae"},
    {file = "grpcio_tools-1.28.1-cp36-cp36m-win32.whl", hash = "sha256:e942dd349d5be0d5ebbe96ed9cbcfb5fdb0bc7b57357754c42db8083a0ec80aa"},
    {file = "grpcio_tools-1.28.1-cp36-cp36m-win_amd64.whl", hash = "sha256:2ffa5f6fbd26ea6c7626bf89d6ef4d64d111000a8bd4e9df69b070093de0f85d"},
    {file = "grpcio_tools-1.28.1-cp37-cp37m-macosx_10_9_x86_64.whl", hash = "sha256:addc40a47f496cafa108ba1a31838a9832223e0dcafaf424d38e6b8c79fe26ac"},
    {file = "grpcio_tools-1.28.1-cp37-cp37m-manylinux2010_i686.whl", hash = "sha256:d89dec894495c51ee0a8dd0c896e4320e95bab179c3faa6a439ef5719486c35e"},
    {file = "grpcio_tools-1.28.1-cp37-cp37m-manylinux2010_x86_64.whl", hash = "sha256:17a6b63ee1650abbbc9306f3144d1d3bd3d088a270ca6569afcb68a8cc4a4a38"},
    {file = "grpcio_tools-1.28.1-cp37-cp37m-win32.whl", hash = "sha256:c527db050fa619a2bd293a73db0e0af42f0bd5a4f41c043fc5da543d81f5fed6"},
    {file = "grpcio_tools-1.28.1-cp37-cp37m-win_amd64.whl", hash = "sha256:55f3a86c3a808b8a5c2dc8112c45329dd912e43a6fb474da94a7e04d8bb36e1a"},
    {file = "grpcio_tools-1.28.1-cp38-cp38-macosx_10_9_x86_64.whl", hash = "sha256:edc01f022a878722ae69bff3faa8c6ec7e967d57b7e8a5f4b2f6100ad903a978"},
    {file = "grpcio_tools-1.28.1-cp38-cp38-manylinux2010_i686.whl", hash = "sha256:27fcab84ea948d965f82c7994903e8e36a20ce4ad7ef55a22c8d7c639e6c8808"},
    {file = "grpcio_tools-1.28.1-cp38-cp38-manylinux2010_x86_64.whl", hash = "sha256:de10f8b28ef3e8a7f336e02b7c2912713bd41e0931c4fad3a6993d25c8511159"},
    {file = "grpcio_tools-1.28.1-cp38-cp38-win32.whl", hash = "sha256:6f7806fe53e5979fa10ec49cbd5236cf0e57c8817ce54350bccc8ebceaeb54fb"},
    {file = "grpcio_tools-1.28.1-cp38-cp38-win_amd64.whl", hash = "sha256:dc7ea3739aa6f5abe6e9a27f403b30c7996978176e5884c41ff3d8a153e7c35a"},
]
idna = [
    {file = "idna-2.9-py2.py3-none-any.whl", hash = "sha256:a068a21ceac8a4d63dbfd964670474107f541babbd2250d61922f029858365fa"},
    {file = "idna-2.9.tar.gz", hash = "sha256:7588d1c14ae4c77d74036e8c22ff447b26d0fde8f007354fd48a7814db15b7cb"},
]
jedi = [
    {file = "jedi-0.17.0-py2.py3-none-any.whl", hash = "sha256:cd60c93b71944d628ccac47df9a60fec53150de53d42dc10a7fc4b5ba6aae798"},
    {file = "jedi-0.17.0.tar.gz", hash = "sha256:df40c97641cb943661d2db4c33c2e1ff75d491189423249e989bcea4464f3030"},
]
lndgrpc = [
    {file = "lndgrpc-0.2.0-py3-none-any.whl", hash = "sha256:105da840da1d67f997906c47028d2f5bf0365991fca35b689108bb937ab31ad8"},
    {file = "lndgrpc-0.2.0.tar.gz", hash = "sha256:4ef3687b9f43d2307e8356eea9641b2f86124a8a301dec1807af7e7e4443a537"},
]
ndg-httpsclient = [
    {file = "ndg_httpsclient-0.5.1-py2-none-any.whl", hash = "sha256:d2c7225f6a1c6cf698af4ebc962da70178a99bcde24ee6d1961c4f3338130d57"},
    {file = "ndg_httpsclient-0.5.1-py3-none-any.whl", hash = "sha256:dd174c11d971b6244a891f7be2b32ca9853d3797a72edb34fa5d7b07d8fff7d4"},
    {file = "ndg_httpsclient-0.5.1.tar.gz", hash = "sha256:d72faed0376ab039736c2ba12e30695e2788c4aa569c9c3e3d72131de2592210"},
]
parso = [
    {file = "parso-0.7.0-py2.py3-none-any.whl", hash = "sha256:158c140fc04112dc45bca311633ae5033c2c2a7b732fa33d0955bad8152a8dd0"},
    {file = "parso-0.7.0.tar.gz", hash = "sha256:908e9fae2144a076d72ae4e25539143d40b8e3eafbaeae03c1bfe226f4cdf12c"},
]
prompt-toolkit = [
    {file = "prompt_toolkit-1.0.18-py2-none-any.whl", hash = "sha256:f7eec66105baf40eda9ab026cd8b2e251337eea8d111196695d82e0c5f0af852"},
    {file = "prompt_toolkit-1.0.18-py3-none-any.whl", hash = "sha256:37925b37a4af1f6448c76b7606e0285f79f434ad246dda007a27411cca730c6d"},
    {file = "prompt_toolkit-1.0.18.tar.gz", hash = "sha256:dd4fca02c8069497ad931a2d09914c6b0d1b50151ce876bc15bde4c747090126"},
]
protobuf = [
    {file = "protobuf-3.11.3-cp27-cp27m-macosx_10_9_x86_64.whl", hash = "sha256:ef2c2e56aaf9ee914d3dccc3408d42661aaf7d9bb78eaa8f17b2e6282f214481"},
    {file = "protobuf-3.11.3-cp27-cp27mu-manylinux1_x86_64.whl", hash = "sha256:dd9aa4401c36785ea1b6fff0552c674bdd1b641319cb07ed1fe2392388e9b0d7"},
    {file = "protobuf-3.11.3-cp35-cp35m-macosx_10_9_intel.whl", hash = "sha256:310a7aca6e7f257510d0c750364774034272538d51796ca31d42c3925d12a52a"},
    {file = "protobuf-3.11.3-cp35-cp35m-manylinux1_x86_64.whl", hash = "sha256:e512b7f3a4dd780f59f1bf22c302740e27b10b5c97e858a6061772668cd6f961"},
    {file = "protobuf-3.11.3-cp35-cp35m-win32.whl", hash = "sha256:fdfb6ad138dbbf92b5dbea3576d7c8ba7463173f7d2cb0ca1bd336ec88ddbd80"},
    {file = "protobuf-3.11.3-cp35-cp35m-win_amd64.whl", hash = "sha256:e2f8a75261c26b2f5f3442b0525d50fd79a71aeca04b5ec270fc123536188306"},
    {file = "protobuf-3.11.3-cp36-cp36m-macosx_10_9_x86_64.whl", hash = "sha256:c40973a0aee65422d8cb4e7d7cbded95dfeee0199caab54d5ab25b63bce8135a"},
    {file = "protobuf-3.11.3-cp36-cp36m-manylinux1_x86_64.whl", hash = "sha256:adf0e4d57b33881d0c63bb11e7f9038f98ee0c3e334c221f0858f826e8fb0151"},
    {file = "protobuf-3.11.3-cp36-cp36m-win32.whl", hash = "sha256:0bae429443cc4748be2aadfdaf9633297cfaeb24a9a02d0ab15849175ce90fab"},
    {file = "protobuf-3.11.3-cp36-cp36m-win_amd64.whl", hash = "sha256:e11df1ac6905e81b815ab6fd518e79be0a58b5dc427a2cf7208980f30694b956"},
    {file = "protobuf-3.11.3-cp37-cp37m-macosx_10_9_x86_64.whl", hash = "sha256:7774bbbaac81d3ba86de646c39f154afc8156717972bf0450c9dbfa1dc8dbea2"},
    {file = "protobuf-3.11.3-cp37-cp37m-manylinux1_x86_64.whl", hash = "sha256:8eb9c93798b904f141d9de36a0ba9f9b73cc382869e67c9e642c0aba53b0fc07"},
    {file = "protobuf-3.11.3-cp37-cp37m-win32.whl", hash = "sha256:fac513a9dc2a74b99abd2e17109b53945e364649ca03d9f7a0b96aa8d1807d0a"},
    {file = "protobuf-3.11.3-cp37-cp37m-win_amd64.whl", hash = "sha256:82d7ac987715d8d1eb4068bf997f3053468e0ce0287e2729c30601feb6602fee"},
    {file = "protobuf-3.11.3-cp38-cp38-macosx_10_9_x86_64.whl", hash = "sha256:73152776dc75f335c476d11d52ec6f0f6925774802cd48d6189f4d5d7fe753f4"},
    {file = "protobuf-3.11.3-cp38-cp38-manylinux1_x86_64.whl", hash = "sha256:52e586072612c1eec18e1174f8e3bb19d08f075fc2e3f91d3b16c919078469d0"},
    {file = "protobuf-3.11.3-py2.7.egg", hash = "sha256:2affcaba328c4662f3bc3c0e9576ea107906b2c2b6422344cdad961734ff6b93"},
    {file = "protobuf-3.11.3-py2.py3-none-any.whl", hash = "sha256:24e3b6ad259544d717902777b33966a1a069208c885576254c112663e6a5bb0f"},
    {file = "protobuf-3.11.3.tar.gz", hash = "sha256:c77c974d1dadf246d789f6dad1c24426137c9091e930dbf50e0a29c1fcf00b1f"},
]
ptpdb = [
    {file = "ptpdb-0.17-py2-none-any.whl", hash = "sha256:11953dd7263f0873ddd639c45b116256e5c398daf6d98de3a63d17147cae2ffa"},
    {file = "ptpdb-0.17-py3-none-any.whl", hash = "sha256:82e4739e7d122f05a8785351705a1f9c9f0d8b6f61af8dc7c9b8ed0b5adcae2e"},
    {file = "ptpdb-0.17.tar.gz", hash = "sha256:013280ceb32ead4be632de690440d3e7094b56209f59b67c2a86328aa3c7f200"},
]
ptpython = [
    {file = "ptpython-0.33-py2-none-any.whl", hash = "sha256:28684bcd65ee5b0473ee59eb6b0b93b5423f4018b7062a667d918abc5ed5bf52"},
    {file = "ptpython-0.33-py3-none-any.whl", hash = "sha256:72ae8327faf65fbee7eecf3a133ff7865e1dbc0cfdc77c22484e0aeb15bc814d"},
    {file = "ptpython-0.33.tar.gz", hash = "sha256:86bb8bc6b3b2e4c7d4b400867d53fd94ffc4fe029d146f7a54d4e53160479435"},
]
pusher = [
    {file = "pusher-3.0.0-py2.py3-none-any.whl", hash = "sha256:ee9c688fedc6fef1d23d8f3e7f538cb0a21e5bea7b7e7b88781ec996e7219b7a"},
    {file = "pusher-3.0.0.tar.gz", hash = "sha256:09ca4687027634daf5125a33f310aab0afa799e55522a856760a397cbc65dd3a"},
]
pyasn1 = [
    {file = "pyasn1-0.4.8-py2.4.egg", hash = "sha256:fec3e9d8e36808a28efb59b489e4528c10ad0f480e57dcc32b4de5c9d8c9fdf3"},
    {file = "pyasn1-0.4.8-py2.5.egg", hash = "sha256:0458773cfe65b153891ac249bcf1b5f8f320b7c2ce462151f8fa74de8934becf"},
    {file = "pyasn1-0.4.8-py2.6.egg", hash = "sha256:5c9414dcfede6e441f7e8f81b43b34e834731003427e5b09e4e00e3172a10f00"},
    {file = "pyasn1-0.4.8-py2.7.egg", hash = "sha256:6e7545f1a61025a4e58bb336952c5061697da694db1cae97b116e9c46abcf7c8"},
    {file = "pyasn1-0.4.8-py2.py3-none-any.whl", hash = "sha256:39c7e2ec30515947ff4e87fb6f456dfc6e84857d34be479c9d4a4ba4bf46aa5d"},
    {file = "pyasn1-0.4.8-py3.1.egg", hash = "sha256:78fa6da68ed2727915c4767bb386ab32cdba863caa7dbe473eaae45f9959da86"},
    {file = "pyasn1-0.4.8-py3.2.egg", hash = "sha256:08c3c53b75eaa48d71cf8c710312316392ed40899cb34710d092e96745a358b7"},
    {file = "pyasn1-0.4.8-py3.3.egg", hash = "sha256:03840c999ba71680a131cfaee6fab142e1ed9bbd9c693e285cc6aca0d555e576"},
    {file = "pyasn1-0.4.8-py3.4.egg", hash = "sha256:7ab8a544af125fb704feadb008c99a88805126fb525280b2270bb25cc1d78a12"},
    {file = "pyasn1-0.4.8-py3.5.egg", hash = "sha256:e89bf84b5437b532b0803ba5c9a5e054d21fec423a89952a74f87fa2c9b7bce2"},
    {file = "pyasn1-0.4.8-py3.6.egg", hash = "sha256:014c0e9976956a08139dc0712ae195324a75e142284d5f87f1a87ee1b068a359"},
    {file = "pyasn1-0.4.8-py3.7.egg", hash = "sha256:99fcc3c8d804d1bc6d9a099921e39d827026409a58f2a720dcdb89374ea0c776"},
    {file = "pyasn1-0.4.8.tar.gz", hash = "sha256:aef77c9fb94a3ac588e87841208bdec464471d9871bd5050a287cc9a475cd0ba"},
]
pycparser = [
    {file = "pycparser-2.20-py2.py3-none-any.whl", hash = "sha256:7582ad22678f0fcd81102833f60ef8d0e57288b6b5fb00323d101be910e35705"},
    {file = "pycparser-2.20.tar.gz", hash = "sha256:2d475327684562c3a96cc71adf7dc8c4f0565175cf86b6d7a404ff4c771f15f0"},
]
pygments = [
    {file = "Pygments-2.6.1-py3-none-any.whl", hash = "sha256:ff7a40b4860b727ab48fad6360eb351cc1b33cbf9b15a0f689ca5353e9463324"},
    {file = "Pygments-2.6.1.tar.gz", hash = "sha256:647344a061c249a3b74e230c739f434d7ea4d8b1d5f3721bc0f3558049b38f44"},
]
pynacl = [
    {file = "PyNaCl-1.3.0-cp27-cp27m-macosx_10_6_intel.whl", hash = "sha256:2424c8b9f41aa65bbdbd7a64e73a7450ebb4aa9ddedc6a081e7afcc4c97f7621"},
    {file = "PyNaCl-1.3.0-cp27-cp27m-manylinux1_i686.whl", hash = "sha256:30f36a9c70450c7878053fa1344aca0145fd47d845270b43a7ee9192a051bf39"},
    {file = "PyNaCl-1.3.0-cp27-cp27m-manylinux1_x86_64.whl", hash = "sha256:05c26f93964373fc0abe332676cb6735f0ecad27711035b9472751faa8521255"},
    {file = "PyNaCl-1.3.0-cp27-cp27m-win32.whl", hash = "sha256:a14e499c0f5955dcc3991f785f3f8e2130ed504fa3a7f44009ff458ad6bdd17f"},
    {file = "PyNaCl-1.3.0-cp27-cp27m-win_amd64.whl", hash = "sha256:f67814c38162f4deb31f68d590771a29d5ae3b1bd64b75cf232308e5c74777e0"},
    {file = "PyNaCl-1.3.0-cp27-cp27mu-manylinux1_i686.whl", hash = "sha256:e2da3c13307eac601f3de04887624939aca8ee3c9488a0bb0eca4fb9401fc6b1"},
    {file = "PyNaCl-1.3.0-cp27-cp27mu-manylinux1_x86_64.whl", hash = "sha256:0d0a8171a68edf51add1e73d2159c4bc19fc0718e79dec51166e940856c2f28e"},
    {file = "PyNaCl-1.3.0-cp34-abi3-macosx_10_6_intel.whl", hash = "sha256:4943decfc5b905748f0756fdd99d4f9498d7064815c4cf3643820c9028b711d1"},
    {file = "PyNaCl-1.3.0-cp34-abi3-manylinux1_i686.whl", hash = "sha256:5bd61e9b44c543016ce1f6aef48606280e45f892a928ca7068fba30021e9b786"},
    {file = "PyNaCl-1.3.0-cp34-abi3-manylinux1_x86_64.whl", hash = "sha256:aabb0c5232910a20eec8563503c153a8e78bbf5459490c49ab31f6adf3f3a415"},
    {file = "PyNaCl-1.3.0-cp34-cp34m-win32.whl", hash = "sha256:7d3ce02c0784b7cbcc771a2da6ea51f87e8716004512493a2b69016326301c3b"},
    {file = "PyNaCl-1.3.0-cp34-cp34m-win_amd64.whl", hash = "sha256:1c780712b206317a746ace34c209b8c29dbfd841dfbc02aa27f2084dd3db77ae"},
    {file = "PyNaCl-1.3.0-cp35-cp35m-win32.whl", hash = "sha256:37aa336a317209f1bb099ad177fef0da45be36a2aa664507c5d72015f956c310"},
    {file = "PyNaCl-1.3.0-cp35-cp35m-win_amd64.whl", hash = "sha256:57ef38a65056e7800859e5ba9e6091053cd06e1038983016effaffe0efcd594a"},
    {file = "PyNaCl-1.3.0-cp36-cp36m-win32.whl", hash = "sha256:a39f54ccbcd2757d1d63b0ec00a00980c0b382c62865b61a505163943624ab20"},
    {file = "PyNaCl-1.3.0-cp36-cp36m-win_amd64.whl", hash = "sha256:6482d3017a0c0327a49dddc8bd1074cc730d45db2ccb09c3bac1f8f32d1eb61b"},
    {file = "PyNaCl-1.3.0-cp37-cp37m-win32.whl", hash = "sha256:2d23c04e8d709444220557ae48ed01f3f1086439f12dbf11976e849a4926db56"},
    {file = "PyNaCl-1.3.0-cp37-cp37m-win_amd64.whl", hash = "sha256:bd4ecb473a96ad0f90c20acba4f0bf0df91a4e03a1f4dd6a4bdc9ca75aa3a715"},
    {file = "PyNaCl-1.3.0-cp38-cp38-win32.whl", hash = "sha256:53126cd91356342dcae7e209f840212a58dcf1177ad52c1d938d428eebc9fee5"},
    {file = "PyNaCl-1.3.0-cp38-cp38-win_amd64.whl", hash = "sha256:bf459128feb543cfca16a95f8da31e2e65e4c5257d2f3dfa8c0c1031139c9c92"},
    {file = "PyNaCl-1.3.0.tar.gz", hash = "sha256:0c6100edd16fefd1557da078c7a31e7b7d7a52ce39fdca2bec29d4f7b6e7600c"},
]
pyopenssl = [
    {file = "pyOpenSSL-19.1.0-py2.py3-none-any.whl", hash = "sha256:621880965a720b8ece2f1b2f54ea2071966ab00e2970ad2ce11d596102063504"},
    {file = "pyOpenSSL-19.1.0.tar.gz", hash = "sha256:9a24494b2602aaf402be5c9e30a0b82d4a5c67528fe8fb475e3f3bc00dd69507"},
]
python-bitcoinlib = [
    {file = "python-bitcoinlib-0.11.0.tar.gz", hash = "sha256:3daafd63cb755f6e2067b7c9c514053856034c9f9363c80c37007744d54a2e06"},
    {file = "python_bitcoinlib-0.11.0-py3-none-any.whl", hash = "sha256:6e7982734637135599e2136d3c88d622f147e3b29201636665f799365784cd9e"},
]
pytz = [
    {file = "pytz-2019.3-py2.py3-none-any.whl", hash = "sha256:1c557d7d0e871de1f5ccd5833f60fb2550652da6be2693c1e02300743d21500d"},
    {file = "pytz-2019.3.tar.gz", hash = "sha256:b02c06db6cf09c12dd25137e563b31700d3b80fcc4ad23abb7a315f2789819be"},
]
requests = [
    {file = "requests-2.23.0-py2.py3-none-any.whl", hash = "sha256:43999036bfa82904b6af1d99e4882b560e5e2c68e5c4b0aa03b655f3d7d73fee"},
    {file = "requests-2.23.0.tar.gz", hash = "sha256:b3f43d496c6daba4493e7c431722aeb7dbc6288f52a6e04e7b6023b0247817e6"},
]
six = [
    {file = "six-1.14.0-py2.py3-none-any.whl", hash = "sha256:8f3cd2e254d8f793e7f3d6d9df77b92252b52637291d0f0da013c76ea2724b6c"},
    {file = "six-1.14.0.tar.gz", hash = "sha256:236bdbdce46e6e6a3d61a337c0f8b763ca1e8717c03b369e87a7ec7ce1319c0a"},
]
sqlparse = [
    {file = "sqlparse-0.3.1-py2.py3-none-any.whl", hash = "sha256:022fb9c87b524d1f7862b3037e541f68597a730a8843245c349fc93e1643dc4e"},
    {file = "sqlparse-0.3.1.tar.gz", hash = "sha256:e162203737712307dfe78860cc56c8da8a852ab2ee33750e33aeadf38d12c548"},
]
urllib3 = [
    {file = "urllib3-1.25.9-py2.py3-none-any.whl", hash = "sha256:88206b0eb87e6d677d424843ac5209e3fb9d0190d0ee169599165ec25e9d9115"},
    {file = "urllib3-1.25.9.tar.gz", hash = "sha256:3018294ebefce6572a474f0604c2021e33b3fd8006ecd11d62107a5d2a963527"},
]
wcwidth = [
    {file = "wcwidth-0.1.9-py2.py3-none-any.whl", hash = "sha256:cafe2186b3c009a04067022ce1dcd79cb38d8d65ee4f4791b8888d6599d1bbe1"},
    {file = "wcwidth-0.1.9.tar.gz", hash = "sha256:ee73862862a156bf77ff92b09034fc4825dd3af9cf81bc5b360668d425f3c5f1"},
]
